
Microsoft Visual Studio Solution File, Format Version 12.00
# Visual Studio Version 17
VisualStudioVersion = 17.7.34003.232
MinimumVisualStudioVersion = 10.0.40219.1
Project("{FAE04EC0-301F-11D3-BF4B-00C04F79EFBC}") = "SiparisYonetim.Domain", "SiparisYonetim.Domain\SiparisYonetim.Domain.csproj", "{DF934111-0193-4BD9-8E6F-263048588018}"
EndProject
Project("{FAE04EC0-301F-11D3-BF4B-00C04F79EFBC}") = "SiparisYonetim.Application", "SiparisYonetim.Application\SiparisYonetim.Application.csproj", "{B657234D-3EB0-4B9F-B32C-9A2356606259}"
EndProject
Project("{FAE04EC0-301F-11D3-BF4B-00C04F79EFBC}") = "SiparisYonetim.Infrastructure", "SiparisYonetim.Infrastructure\SiparisYonetim.Infrastructure.csproj", "{E147AC17-8DAC-46F9-9A53-41486844996A}"
EndProject
Project("{FAE04EC0-301F-11D3-BF4B-00C04F79EFBC}") = "SiparisYonetim.Presentation", "SiparisYonetim.Presentation\SiparisYonetim.Presentation.csproj", "{AD89D110-BC95-4C3E-AFB5-87499137F62C}"
EndProject
Global
	GlobalSection(SolutionConfigurationPlatforms) = preSolution
		Debug|Any CPU = Debug|Any CPU
		Release|Any CPU = Release|Any CPU
	EndGlobalSection
	GlobalSection(ProjectConfigurationPlatforms) = postSolution
		{DF934111-0193-4BD9-8E6F-263048588018}.Debug|Any CPU.ActiveCfg = Debug|Any CPU
		{DF934111-0193-4BD9-8E6F-263048588018}.Debug|Any CPU.Build.0 = Debug|Any CPU
		{DF934111-0193-4BD9-8E6F-263048588018}.Release|Any CPU.ActiveCfg = Release|Any CPU
		{DF934111-0193-4BD9-8E6F-263048588018}.Release|Any CPU.Build.0 = Release|Any CPU
		{B657234D-3EB0-4B9F-B32C-9A2356606259}.Debug|Any CPU.ActiveCfg = Debug|Any CPU
		{B657234D-3EB0-4B9F-B32C-9A2356606259}.Debug|Any CPU.Build.0 = Debug|Any CPU
		{B657234D-3EB0-4B9F-B32C-9A2356606259}.Release|Any CPU.ActiveCfg = Release|Any CPU
		{B657234D-3EB0-4B9F-B32C-9A2356606259}.Release|Any CPU.Build.0 = Release|Any CPU
		{E147AC17-8DAC-46F9-9A53-41486844996A}.Debug|Any CPU.ActiveCfg = Debug|Any CPU
		{E147AC17-8DAC-46F9-9A53-41486844996A}.Debug|Any CPU.Build.0 = Debug|Any CPU
		{E147AC17-8DAC-46F9-9A53-41486844996A}.Release|Any CPU.ActiveCfg = Release|Any CPU
		{E147AC17-8DAC-46F9-9A53-41486844996A}.Release|Any CPU.Build.0 = Release|Any CPU
		{AD89D110-BC95-4C3E-AFB5-87499137F62C}.Debug|Any CPU.ActiveCfg = Debug|Any CPU
		{AD89D110-BC95-4C3E-AFB5-87499137F62C}.Debug|Any CPU.Build.0 = Debug|Any CPU
		{AD89D110-BC95-4C3E-AFB5-87499137F62C}.Release|Any CPU.ActiveCfg = Release|Any CPU
		{AD89D110-BC95-4C3E-AFB5-87499137F62C}.Release|Any CPU.Build.0 = Release|Any CPU
	EndGlobalSection
	GlobalSection(SolutionProperties) = preSolution
		HideSolutionNode = FALSE
	EndGlobalSection
	GlobalSection(ExtensibilityGlobals) = postSolution
		SolutionGuid = {6BACCB32-EA81-48B9-8978-DC6B0C36BFB4}
	EndGlobalSection
EndGlobal
